
Microsoft Visual Studio Solution File, Format Version 12.00
# Visual Studio 15
VisualStudioVersion = 15.0.28307.1267
MinimumVisualStudioVersion = 10.0.40219.1
Project("{FAE04EC0-301F-11D3-BF4B-00C04F79EFBC}") = "StacksAndQueuesExercise", "StacksAndQueuesExercise\StacksAndQueuesExercise.csproj", "{984BAEF0-5B8E-4361-AC6F-B73E9E7C6682}"
EndProject
Project("{FAE04EC0-301F-11D3-BF4B-00C04F79EFBC}") = "BasicStackOperations", "BasicStackOperations\BasicStackOperations.csproj", "{C4F49E91-AF65-4126-8902-CE7E6AA23547}"
EndProject
Project("{FAE04EC0-301F-11D3-BF4B-00C04F79EFBC}") = "BasicQueueOperations", "BasicQueueOperations\BasicQueueOperations.csproj", "{AB57E6AC-CA6F-476C-A7A8-DECBFCB8FC1E}"
EndProject
Global
	GlobalSection(SolutionConfigurationPlatforms) = preSolution
		Debug|Any CPU = Debug|Any CPU
		Release|Any CPU = Release|Any CPU
	EndGlobalSection
	GlobalSection(ProjectConfigurationPlatforms) = postSolution
		{984BAEF0-5B8E-4361-AC6F-B73E9E7C6682}.Debug|Any CPU.ActiveCfg = Debug|Any CPU
		{984BAEF0-5B8E-4361-AC6F-B73E9E7C6682}.Debug|Any CPU.Build.0 = Debug|Any CPU
		{984BAEF0-5B8E-4361-AC6F-B73E9E7C6682}.Release|Any CPU.ActiveCfg = Release|Any CPU
		{984BAEF0-5B8E-4361-AC6F-B73E9E7C6682}.Release|Any CPU.Build.0 = Release|Any CPU
		{C4F49E91-AF65-4126-8902-CE7E6AA23547}.Debug|Any CPU.ActiveCfg = Debug|Any CPU
		{C4F49E91-AF65-4126-8902-CE7E6AA23547}.Debug|Any CPU.Build.0 = Debug|Any CPU
		{C4F49E91-AF65-4126-8902-CE7E6AA23547}.Release|Any CPU.ActiveCfg = Release|Any CPU
		{C4F49E91-AF65-4126-8902-CE7E6AA23547}.Release|Any CPU.Build.0 = Release|Any CPU
		{AB57E6AC-CA6F-476C-A7A8-DECBFCB8FC1E}.Debug|Any CPU.ActiveCfg = Debug|Any CPU
		{AB57E6AC-CA6F-476C-A7A8-DECBFCB8FC1E}.Debug|Any CPU.Build.0 = Debug|Any CPU
		{AB57E6AC-CA6F-476C-A7A8-DECBFCB8FC1E}.Release|Any CPU.ActiveCfg = Release|Any CPU
		{AB57E6AC-CA6F-476C-A7A8-DECBFCB8FC1E}.Release|Any CPU.Build.0 = Release|Any CPU
	EndGlobalSection
	GlobalSection(SolutionProperties) = preSolution
		HideSolutionNode = FALSE
	EndGlobalSection
	GlobalSection(ExtensibilityGlobals) = postSolution
		SolutionGuid = {EEBC0180-E00C-4B4A-B403-7E9BDBB120A7}
	EndGlobalSection
EndGlobal
